
Microsoft Visual Studio Solution File, Format Version 12.00
# Visual Studio Version 16
VisualStudioVersion = 16.0.35425.106
MinimumVisualStudioVersion = 10.0.40219.1
Project("{8BC9CEB8-8B4A-11D0-8D11-00A0C91BC942}") = "GPU_Checker", "GPU_Checker.vcxproj", "{08D4C417-123D-4C61-A47C-3A0D90DAAB76}"
EndProject
Global
	GlobalSection(SolutionConfigurationPlatforms) = preSolution
		Debug|x64 = Debug|x64
		Debug|x86 = Debug|x86
		Release|x64 = Release|x64
		Release|x86 = Release|x86
	EndGlobalSection
	GlobalSection(ProjectConfigurationPlatforms) = postSolution
		{08D4C417-123D-4C61-A47C-3A0D90DAAB76}.Debug|x64.ActiveCfg = Debug|x64
		{08D4C417-123D-4C61-A47C-3A0D90DAAB76}.Debug|x64.Build.0 = Debug|x64
		{08D4C417-123D-4C61-A47C-3A0D90DAAB76}.Debug|x86.ActiveCfg = Debug|Win32
		{08D4C417-123D-4C61-A47C-3A0D90DAAB76}.Debug|x86.Build.0 = Debug|Win32
		{08D4C417-123D-4C61-A47C-3A0D90DAAB76}.Release|x64.ActiveCfg = Release|x64
		{08D4C417-123D-4C61-A47C-3A0D90DAAB76}.Release|x64.Build.0 = Release|x64
		{08D4C417-123D-4C61-A47C-3A0D90DAAB76}.Release|x86.ActiveCfg = Release|Win32
		{08D4C417-123D-4C61-A47C-3A0D90DAAB76}.Release|x86.Build.0 = Release|Win32
	EndGlobalSection
	GlobalSection(SolutionProperties) = preSolution
		HideSolutionNode = FALSE
	EndGlobalSection
	GlobalSection(ExtensibilityGlobals) = postSolution
		SolutionGuid = {9664F55A-81B4-4D54-B8D8-440A02C793ED}
	EndGlobalSection
EndGlobal
